{
  "name": "ggj2017_server",
  "version": "1.0.0",
  "lockfileVersion": 1,
  "requires": true,
  "dependencies": {
    "debug": {
      "version": "3.1.0",
      "resolved": "https://registry.npmjs.org/debug/-/debug-3.1.0.tgz",
      "integrity": "sha512-OX8XqP7/1a9cqkxYw2yXss15f26NKWBpDXQd0/uK/KPqdQhxbPa994hnzjcE2VqQpDslf55723cKPUOGSmMY3g==",
      "requires": {
        "ms": "2.0.0"
      }
    },
    "kalm": {
      "version": "2.5.1",
      "resolved": "https://registry.npmjs.org/kalm/-/kalm-2.5.1.tgz",
      "integrity": "sha512-jVEpZq5u4WBSpIjoGh38QFOVGuFdyk0OWuOOlGxpG9x4vDiTqsdAD3H31CIPisChsYWwr9y5ut6cJXrFe4LT/A==",
      "requires": {
        "debug": "3.1.0"
      }
    },
    "kalm-websocket": {
      "version": "3.3.0",
      "resolved": "https://registry.npmjs.org/kalm-websocket/-/kalm-websocket-3.3.0.tgz",
      "integrity": "sha512-MtH8zAgOCfLq9Tgm3OY2/PQ0nW94YPe79hMPQhzbmpIFg70wFectIh22vt2xe2Xbs/NRhW0m6bSbkFupeHlMvQ==",
      "requires": {
        "uws": "8.14.1"
      }
    },
    "ms": {
      "version": "2.0.0",
      "resolved": "https://registry.npmjs.org/ms/-/ms-2.0.0.tgz",
      "integrity": "sha1-VgiurfwAvmwpAd9fmGF4jeDVl8g="
    },
    "uws": {
      "version": "8.14.1",
      "resolved": "https://registry.npmjs.org/uws/-/uws-8.14.1.tgz",
      "integrity": "sha1-3glhnzBfYXTVUWqcaULLEgkEsgs="
    }
  }
}
